
Microsoft Visual Studio Solution File, Format Version 12.00
# Visual Studio Version 17
VisualStudioVersion = 17.2.32630.192
MinimumVisualStudioVersion = 10.0.40219.1
Project("{FAE04EC0-301F-11D3-BF4B-00C04F79EFBC}") = "InfoManager", "Web\Web\InfoManager.csproj", "{56C60A1C-36AB-4F44-8932-77A7AD0E0AE2}"
EndProject
Global
	GlobalSection(SolutionConfigurationPlatforms) = preSolution
		Debug|Any CPU = Debug|Any CPU
		Release|Any CPU = Release|Any CPU
	EndGlobalSection
	GlobalSection(ProjectConfigurationPlatforms) = postSolution
		{56C60A1C-36AB-4F44-8932-77A7AD0E0AE2}.Debug|Any CPU.ActiveCfg = Debug|Any CPU
		{56C60A1C-36AB-4F44-8932-77A7AD0E0AE2}.Debug|Any CPU.Build.0 = Debug|Any CPU
		{56C60A1C-36AB-4F44-8932-77A7AD0E0AE2}.Release|Any CPU.ActiveCfg = Release|Any CPU
		{56C60A1C-36AB-4F44-8932-77A7AD0E0AE2}.Release|Any CPU.Build.0 = Release|Any CPU
	EndGlobalSection
	GlobalSection(SolutionProperties) = preSolution
		HideSolutionNode = FALSE
	EndGlobalSection
	GlobalSection(ExtensibilityGlobals) = postSolution
		SolutionGuid = {7CC0D73A-FA31-4656-B053-E3BC3F8D5CF7}
	EndGlobalSection
EndGlobal
