
Microsoft Visual Studio Solution File, Format Version 12.00
# Visual Studio Version 17
VisualStudioVersion = 17.3.32819.101
MinimumVisualStudioVersion = 10.0.40219.1
Project("{FAE04EC0-301F-11D3-BF4B-00C04F79EFBC}") = "IM.Android", "IM\IM.Android\IM.Android.csproj", "{9CADDEDE-0A00-4078-B946-A0CCDCCDB45C}"
EndProject
Project("{FAE04EC0-301F-11D3-BF4B-00C04F79EFBC}") = "IM", "IM\IM\IM.csproj", "{3A42D25D-98F3-4A98-BBEE-83D4AABCE5E7}"
EndProject
Global
	GlobalSection(SolutionConfigurationPlatforms) = preSolution
		Debug|Any CPU = Debug|Any CPU
		Release|Any CPU = Release|Any CPU
	EndGlobalSection
	GlobalSection(ProjectConfigurationPlatforms) = postSolution
		{9CADDEDE-0A00-4078-B946-A0CCDCCDB45C}.Debug|Any CPU.ActiveCfg = Debug|Any CPU
		{9CADDEDE-0A00-4078-B946-A0CCDCCDB45C}.Debug|Any CPU.Build.0 = Debug|Any CPU
		{9CADDEDE-0A00-4078-B946-A0CCDCCDB45C}.Debug|Any CPU.Deploy.0 = Debug|Any CPU
		{9CADDEDE-0A00-4078-B946-A0CCDCCDB45C}.Release|Any CPU.ActiveCfg = Release|Any CPU
		{9CADDEDE-0A00-4078-B946-A0CCDCCDB45C}.Release|Any CPU.Build.0 = Release|Any CPU
		{9CADDEDE-0A00-4078-B946-A0CCDCCDB45C}.Release|Any CPU.Deploy.0 = Release|Any CPU
		{3A42D25D-98F3-4A98-BBEE-83D4AABCE5E7}.Debug|Any CPU.ActiveCfg = Debug|Any CPU
		{3A42D25D-98F3-4A98-BBEE-83D4AABCE5E7}.Debug|Any CPU.Build.0 = Debug|Any CPU
		{3A42D25D-98F3-4A98-BBEE-83D4AABCE5E7}.Debug|Any CPU.Deploy.0 = Debug|Any CPU
		{3A42D25D-98F3-4A98-BBEE-83D4AABCE5E7}.Release|Any CPU.ActiveCfg = Release|Any CPU
		{3A42D25D-98F3-4A98-BBEE-83D4AABCE5E7}.Release|Any CPU.Build.0 = Release|Any CPU
		{3A42D25D-98F3-4A98-BBEE-83D4AABCE5E7}.Release|Any CPU.Deploy.0 = Release|Any CPU
	EndGlobalSection
	GlobalSection(SolutionProperties) = preSolution
		HideSolutionNode = FALSE
	EndGlobalSection
	GlobalSection(ExtensibilityGlobals) = postSolution
		SolutionGuid = {079760FA-7524-4A08-96B2-A6858C2B241B}
	EndGlobalSection
EndGlobal
